
Microsoft Visual Studio Solution File, Format Version 12.00
# Visual Studio 2013
VisualStudioVersion = 12.0.31101.0
MinimumVisualStudioVersion = 10.0.40219.1
Project("{FAE04EC0-301F-11D3-BF4B-00C04F79EFBC}") = "DDD-Sample", "DDD-Sample\DDD-Sample.csproj", "{872CCD11-24DE-4C0D-8575-5AE13BF9D36A}"
EndProject
Project("{FAE04EC0-301F-11D3-BF4B-00C04F79EFBC}") = "Tests", "Tests\Tests.csproj", "{5FCCE16F-BBA4-4683-86E7-6A526435435A}"
EndProject
Global
	GlobalSection(SolutionConfigurationPlatforms) = preSolution
		Debug|Any CPU = Debug|Any CPU
		Release|Any CPU = Release|Any CPU
	EndGlobalSection
	GlobalSection(ProjectConfigurationPlatforms) = postSolution
		{872CCD11-24DE-4C0D-8575-5AE13BF9D36A}.Debug|Any CPU.ActiveCfg = Debug|Any CPU
		{872CCD11-24DE-4C0D-8575-5AE13BF9D36A}.Debug|Any CPU.Build.0 = Debug|Any CPU
		{872CCD11-24DE-4C0D-8575-5AE13BF9D36A}.Release|Any CPU.ActiveCfg = Release|Any CPU
		{872CCD11-24DE-4C0D-8575-5AE13BF9D36A}.Release|Any CPU.Build.0 = Release|Any CPU
		{5FCCE16F-BBA4-4683-86E7-6A526435435A}.Debug|Any CPU.ActiveCfg = Debug|Any CPU
		{5FCCE16F-BBA4-4683-86E7-6A526435435A}.Debug|Any CPU.Build.0 = Debug|Any CPU
		{5FCCE16F-BBA4-4683-86E7-6A526435435A}.Release|Any CPU.ActiveCfg = Release|Any CPU
		{5FCCE16F-BBA4-4683-86E7-6A526435435A}.Release|Any CPU.Build.0 = Release|Any CPU
	EndGlobalSection
	GlobalSection(SolutionProperties) = preSolution
		HideSolutionNode = FALSE
	EndGlobalSection
EndGlobal
